
Microsoft Visual Studio Solution File, Format Version 12.00
# Visual Studio Version 16
VisualStudioVersion = 16.0.31727.386
MinimumVisualStudioVersion = 10.0.40219.1
Project("{FAE04EC0-301F-11D3-BF4B-00C04F79EFBC}") = "TheSocialGame.Android", "TheSocialGame\TheSocialGame.Android\TheSocialGame.Android.csproj", "{8C4315E9-FA30-40C5-BB7D-496E0E96C1A6}"
EndProject
Project("{FAE04EC0-301F-11D3-BF4B-00C04F79EFBC}") = "TheSocialGame.iOS", "TheSocialGame\TheSocialGame.iOS\TheSocialGame.iOS.csproj", "{C8E6E59F-88A8-4383-B1D5-4ED8E7D991C0}"
EndProject
Project("{FAE04EC0-301F-11D3-BF4B-00C04F79EFBC}") = "TheSocialGame", "TheSocialGame\TheSocialGame\TheSocialGame.csproj", "{0D8E7BC3-8B0B-4120-9697-98C7814C7A99}"
EndProject
Project("{FAE04EC0-301F-11D3-BF4B-00C04F79EFBC}") = "PushNotification.Send", "PushNotification.Send\PushNotification.Send.csproj", "{1C6459D2-D692-4B2E-A9F6-99DB30C16212}"
EndProject
Global
	GlobalSection(SolutionConfigurationPlatforms) = preSolution
		Debug|Any CPU = Debug|Any CPU
		Debug|iPhone = Debug|iPhone
		Debug|iPhoneSimulator = Debug|iPhoneSimulator
		Release|Any CPU = Release|Any CPU
		Release|iPhone = Release|iPhone
		Release|iPhoneSimulator = Release|iPhoneSimulator
	EndGlobalSection
	GlobalSection(ProjectConfigurationPlatforms) = postSolution
		{8C4315E9-FA30-40C5-BB7D-496E0E96C1A6}.Debug|Any CPU.ActiveCfg = Debug|Any CPU
		{8C4315E9-FA30-40C5-BB7D-496E0E96C1A6}.Debug|Any CPU.Build.0 = Debug|Any CPU
		{8C4315E9-FA30-40C5-BB7D-496E0E96C1A6}.Debug|Any CPU.Deploy.0 = Debug|Any CPU
		{8C4315E9-FA30-40C5-BB7D-496E0E96C1A6}.Debug|iPhone.ActiveCfg = Debug|Any CPU
		{8C4315E9-FA30-40C5-BB7D-496E0E96C1A6}.Debug|iPhone.Build.0 = Debug|Any CPU
		{8C4315E9-FA30-40C5-BB7D-496E0E96C1A6}.Debug|iPhone.Deploy.0 = Debug|Any CPU
		{8C4315E9-FA30-40C5-BB7D-496E0E96C1A6}.Debug|iPhoneSimulator.ActiveCfg = Debug|Any CPU
		{8C4315E9-FA30-40C5-BB7D-496E0E96C1A6}.Debug|iPhoneSimulator.Build.0 = Debug|Any CPU
		{8C4315E9-FA30-40C5-BB7D-496E0E96C1A6}.Debug|iPhoneSimulator.Deploy.0 = Debug|Any CPU
		{8C4315E9-FA30-40C5-BB7D-496E0E96C1A6}.Release|Any CPU.ActiveCfg = Release|Any CPU
		{8C4315E9-FA30-40C5-BB7D-496E0E96C1A6}.Release|Any CPU.Build.0 = Release|Any CPU
		{8C4315E9-FA30-40C5-BB7D-496E0E96C1A6}.Release|Any CPU.Deploy.0 = Release|Any CPU
		{8C4315E9-FA30-40C5-BB7D-496E0E96C1A6}.Release|iPhone.ActiveCfg = Release|Any CPU
		{8C4315E9-FA30-40C5-BB7D-496E0E96C1A6}.Release|iPhone.Build.0 = Release|Any CPU
		{8C4315E9-FA30-40C5-BB7D-496E0E96C1A6}.Release|iPhone.Deploy.0 = Release|Any CPU
		{8C4315E9-FA30-40C5-BB7D-496E0E96C1A6}.Release|iPhoneSimulator.ActiveCfg = Release|Any CPU
		{8C4315E9-FA30-40C5-BB7D-496E0E96C1A6}.Release|iPhoneSimulator.Build.0 = Release|Any CPU
		{8C4315E9-FA30-40C5-BB7D-496E0E96C1A6}.Release|iPhoneSimulator.Deploy.0 = Release|Any CPU
		{C8E6E59F-88A8-4383-B1D5-4ED8E7D991C0}.Debug|Any CPU.ActiveCfg = Debug|iPhone
		{C8E6E59F-88A8-4383-B1D5-4ED8E7D991C0}.Debug|Any CPU.Build.0 = Debug|iPhone
		{C8E6E59F-88A8-4383-B1D5-4ED8E7D991C0}.Debug|Any CPU.Deploy.0 = Debug|iPhone
		{C8E6E59F-88A8-4383-B1D5-4ED8E7D991C0}.Debug|iPhone.ActiveCfg = Debug|iPhone
		{C8E6E59F-88A8-4383-B1D5-4ED8E7D991C0}.Debug|iPhone.Build.0 = Debug|iPhone
		{C8E6E59F-88A8-4383-B1D5-4ED8E7D991C0}.Debug|iPhone.Deploy.0 = Debug|iPhone
		{C8E6E59F-88A8-4383-B1D5-4ED8E7D991C0}.Debug|iPhoneSimulator.ActiveCfg = Debug|iPhoneSimulator
		{C8E6E59F-88A8-4383-B1D5-4ED8E7D991C0}.Debug|iPhoneSimulator.Build.0 = Debug|iPhoneSimulator
		{C8E6E59F-88A8-4383-B1D5-4ED8E7D991C0}.Debug|iPhoneSimulator.Deploy.0 = Debug|iPhoneSimulator
		{C8E6E59F-88A8-4383-B1D5-4ED8E7D991C0}.Release|Any CPU.ActiveCfg = Release|iPhoneSimulator
		{C8E6E59F-88A8-4383-B1D5-4ED8E7D991C0}.Release|Any CPU.Build.0 = Release|iPhoneSimulator
		{C8E6E59F-88A8-4383-B1D5-4ED8E7D991C0}.Release|Any CPU.Deploy.0 = Release|iPhoneSimulator
		{C8E6E59F-88A8-4383-B1D5-4ED8E7D991C0}.Release|iPhone.ActiveCfg = Release|iPhone
		{C8E6E59F-88A8-4383-B1D5-4ED8E7D991C0}.Release|iPhone.Build.0 = Release|iPhone
		{C8E6E59F-88A8-4383-B1D5-4ED8E7D991C0}.Release|iPhone.Deploy.0 = Release|iPhone
		{C8E6E59F-88A8-4383-B1D5-4ED8E7D991C0}.Release|iPhoneSimulator.ActiveCfg = Release|iPhoneSimulator
		{C8E6E59F-88A8-4383-B1D5-4ED8E7D991C0}.Release|iPhoneSimulator.Build.0 = Release|iPhoneSimulator
		{C8E6E59F-88A8-4383-B1D5-4ED8E7D991C0}.Release|iPhoneSimulator.Deploy.0 = Release|iPhoneSimulator
		{0D8E7BC3-8B0B-4120-9697-98C7814C7A99}.Debug|Any CPU.ActiveCfg = Debug|Any CPU
		{0D8E7BC3-8B0B-4120-9697-98C7814C7A99}.Debug|Any CPU.Build.0 = Debug|Any CPU
		{0D8E7BC3-8B0B-4120-9697-98C7814C7A99}.Debug|Any CPU.Deploy.0 = Debug|Any CPU
		{0D8E7BC3-8B0B-4120-9697-98C7814C7A99}.Debug|iPhone.ActiveCfg = Debug|Any CPU
		{0D8E7BC3-8B0B-4120-9697-98C7814C7A99}.Debug|iPhone.Build.0 = Debug|Any CPU
		{0D8E7BC3-8B0B-4120-9697-98C7814C7A99}.Debug|iPhone.Deploy.0 = Debug|Any CPU
		{0D8E7BC3-8B0B-4120-9697-98C7814C7A99}.Debug|iPhoneSimulator.ActiveCfg = Debug|Any CPU
		{0D8E7BC3-8B0B-4120-9697-98C7814C7A99}.Debug|iPhoneSimulator.Build.0 = Debug|Any CPU
		{0D8E7BC3-8B0B-4120-9697-98C7814C7A99}.Debug|iPhoneSimulator.Deploy.0 = Debug|Any CPU
		{0D8E7BC3-8B0B-4120-9697-98C7814C7A99}.Release|Any CPU.ActiveCfg = Release|Any CPU
		{0D8E7BC3-8B0B-4120-9697-98C7814C7A99}.Release|Any CPU.Build.0 = Release|Any CPU
		{0D8E7BC3-8B0B-4120-9697-98C7814C7A99}.Release|Any CPU.Deploy.0 = Release|Any CPU
		{0D8E7BC3-8B0B-4120-9697-98C7814C7A99}.Release|iPhone.ActiveCfg = Release|Any CPU
		{0D8E7BC3-8B0B-4120-9697-98C7814C7A99}.Release|iPhone.Build.0 = Release|Any CPU
		{0D8E7BC3-8B0B-4120-9697-98C7814C7A99}.Release|iPhone.Deploy.0 = Release|Any CPU
		{0D8E7BC3-8B0B-4120-9697-98C7814C7A99}.Release|iPhoneSimulator.ActiveCfg = Release|Any CPU
		{0D8E7BC3-8B0B-4120-9697-98C7814C7A99}.Release|iPhoneSimulator.Build.0 = Release|Any CPU
		{0D8E7BC3-8B0B-4120-9697-98C7814C7A99}.Release|iPhoneSimulator.Deploy.0 = Release|Any CPU
		{1C6459D2-D692-4B2E-A9F6-99DB30C16212}.Debug|Any CPU.ActiveCfg = Debug|Any CPU
		{1C6459D2-D692-4B2E-A9F6-99DB30C16212}.Debug|Any CPU.Build.0 = Debug|Any CPU
		{1C6459D2-D692-4B2E-A9F6-99DB30C16212}.Debug|iPhone.ActiveCfg = Debug|Any CPU
		{1C6459D2-D692-4B2E-A9F6-99DB30C16212}.Debug|iPhone.Build.0 = Debug|Any CPU
		{1C6459D2-D692-4B2E-A9F6-99DB30C16212}.Debug|iPhoneSimulator.ActiveCfg = Debug|Any CPU
		{1C6459D2-D692-4B2E-A9F6-99DB30C16212}.Debug|iPhoneSimulator.Build.0 = Debug|Any CPU
		{1C6459D2-D692-4B2E-A9F6-99DB30C16212}.Release|Any CPU.ActiveCfg = Release|Any CPU
		{1C6459D2-D692-4B2E-A9F6-99DB30C16212}.Release|Any CPU.Build.0 = Release|Any CPU
		{1C6459D2-D692-4B2E-A9F6-99DB30C16212}.Release|iPhone.ActiveCfg = Release|Any CPU
		{1C6459D2-D692-4B2E-A9F6-99DB30C16212}.Release|iPhone.Build.0 = Release|Any CPU
		{1C6459D2-D692-4B2E-A9F6-99DB30C16212}.Release|iPhoneSimulator.ActiveCfg = Release|Any CPU
		{1C6459D2-D692-4B2E-A9F6-99DB30C16212}.Release|iPhoneSimulator.Build.0 = Release|Any CPU
	EndGlobalSection
	GlobalSection(SolutionProperties) = preSolution
		HideSolutionNode = FALSE
	EndGlobalSection
	GlobalSection(ExtensibilityGlobals) = postSolution
		SolutionGuid = {7F3BEF49-AD25-4BDC-B3CC-B003005A338D}
	EndGlobalSection
EndGlobal
